
Microsoft Visual Studio Solution File, Format Version 12.00
# Visual Studio Version 17
VisualStudioVersion = 17.13.35825.156
MinimumVisualStudioVersion = 10.0.40219.1
Project("{FAE04EC0-301F-11D3-BF4B-00C04F79EFBC}") = "HappySeal.App", "HappySeal.App\HappySeal.App.csproj", "{56CAB116-3FE3-4A80-A3BB-82EFCD7472FD}"
EndProject
Project("{FAE04EC0-301F-11D3-BF4B-00C04F79EFBC}") = "HappySeal.Shared", "HappySeal.Shared\HappySeal.Shared.csproj", "{9DEC851E-DAD2-407D-A455-25A9B439DB61}"
EndProject
Global
	GlobalSection(SolutionConfigurationPlatforms) = preSolution
		Debug|Any CPU = Debug|Any CPU
		Release|Any CPU = Release|Any CPU
	EndGlobalSection
	GlobalSection(ProjectConfigurationPlatforms) = postSolution
		{56CAB116-3FE3-4A80-A3BB-82EFCD7472FD}.Debug|Any CPU.ActiveCfg = Debug|Any CPU
		{56CAB116-3FE3-4A80-A3BB-82EFCD7472FD}.Debug|Any CPU.Build.0 = Debug|Any CPU
		{56CAB116-3FE3-4A80-A3BB-82EFCD7472FD}.Release|Any CPU.ActiveCfg = Release|Any CPU
		{56CAB116-3FE3-4A80-A3BB-82EFCD7472FD}.Release|Any CPU.Build.0 = Release|Any CPU
		{9DEC851E-DAD2-407D-A455-25A9B439DB61}.Debug|Any CPU.ActiveCfg = Debug|Any CPU
		{9DEC851E-DAD2-407D-A455-25A9B439DB61}.Debug|Any CPU.Build.0 = Debug|Any CPU
		{9DEC851E-DAD2-407D-A455-25A9B439DB61}.Release|Any CPU.ActiveCfg = Release|Any CPU
		{9DEC851E-DAD2-407D-A455-25A9B439DB61}.Release|Any CPU.Build.0 = Release|Any CPU
	EndGlobalSection
	GlobalSection(SolutionProperties) = preSolution
		HideSolutionNode = FALSE
	EndGlobalSection
	GlobalSection(ExtensibilityGlobals) = postSolution
		SolutionGuid = {4398465B-4994-4FC1-B6A4-5F6533692781}
	EndGlobalSection
EndGlobal
